
Microsoft Visual Studio Solution File, Format Version 12.00
# Visual Studio Version 17
VisualStudioVersion = 17.8.34601.278
MinimumVisualStudioVersion = 10.0.40219.1
Project("{FAE04EC0-301F-11D3-BF4B-00C04F79EFBC}") = "Tanımlayıcı", "Tanımlayıcı\Tanımlayıcı.csproj", "{3AD523AD-CE66-40D4-86DE-E72219EF6CA3}"
EndProject
Global
	GlobalSection(SolutionConfigurationPlatforms) = preSolution
		Debug|Any CPU = Debug|Any CPU
		Release|Any CPU = Release|Any CPU
	EndGlobalSection
	GlobalSection(ProjectConfigurationPlatforms) = postSolution
		{3AD523AD-CE66-40D4-86DE-E72219EF6CA3}.Debug|Any CPU.ActiveCfg = Debug|Any CPU
		{3AD523AD-CE66-40D4-86DE-E72219EF6CA3}.Debug|Any CPU.Build.0 = Debug|Any CPU
		{3AD523AD-CE66-40D4-86DE-E72219EF6CA3}.Release|Any CPU.ActiveCfg = Release|Any CPU
		{3AD523AD-CE66-40D4-86DE-E72219EF6CA3}.Release|Any CPU.Build.0 = Release|Any CPU
	EndGlobalSection
	GlobalSection(SolutionProperties) = preSolution
		HideSolutionNode = FALSE
	EndGlobalSection
	GlobalSection(ExtensibilityGlobals) = postSolution
		SolutionGuid = {EBAE33B0-EF65-4093-AE45-888B3A3F8942}
	EndGlobalSection
EndGlobal
